{
    "_meta": {
        "hash": {
            "sha256": "3517abdbcca859606cf002c98ec091acc6d40007c57ea2aad8f9ad10883506e4"
        },
        "pipfile-spec": 6,
        "requires": {
            "python_version": "3.8"
        },
        "sources": [
            {
                "name": "pypi",
                "url": "https://pypi.org/simple",
                "verify_ssl": true
            }
        ]
    },
    "default": {
        "certifi": {
            "hashes": [
                "sha256:1d987a998c75633c40847cc966fcf5904906c920a7f17ef374f5aa4282abd304",
                "sha256:51fcb31174be6e6664c5f69e3e1691a2d72a1a12e90f872cbdb1567eb47b6519"
            ],
            "version": "==2020.4.5.1"
        },
        "chardet": {
            "hashes": [
                "sha256:84ab92ed1c4d4f16916e05906b6b75a6c0fb5db821cc65e70cbd64a3e2a5eaae",
                "sha256:fc323ffcaeaed0e0a02bf4d117757b98aed530d9ed4531e3e15460124c106691"
            ],
            "version": "==3.0.4"
        },
        "click": {
            "hashes": [
                "sha256:8a18b4ea89d8820c5d0c7da8a64b2c324b4dabb695804dbfea19b9be9d88c0cc",
                "sha256:e345d143d80bf5ee7534056164e5e112ea5e22716bbb1ce727941f4c8b471b9a"
            ],
            "version": "==7.1.1"
        },
        "cycler": {
            "hashes": [
                "sha256:1d8a5ae1ff6c5cf9b93e8811e581232ad8920aeec647c37316ceac982b08cb2d",
                "sha256:cd7b2d1018258d7247a71425e9f26463dfb444d411c39569972f4ce586b0c9d8"
            ],
            "version": "==0.10.0"
        },
        "flask": {
            "hashes": [
                "sha256:13f9f196f330c7c2c5d7a5cf91af894110ca0215ac051b5844701f2bfd934d52",
                "sha256:45eb5a6fd193d6cf7e0cf5d8a5b31f83d5faae0293695626f539a823e93b13f6"
            ],
            "index": "pypi",
            "version": "==1.1.1"
        },
        "idna": {
            "hashes": [
                "sha256:7588d1c14ae4c77d74036e8c22ff447b26d0fde8f007354fd48a7814db15b7cb",
                "sha256:a068a21ceac8a4d63dbfd964670474107f541babbd2250d61922f029858365fa"
            ],
            "version": "==2.9"
        },
        "itsdangerous": {
            "hashes": [
                "sha256:321b033d07f2a4136d3ec762eac9f16a10ccd60f53c0c91af90217ace7ba1f19",
                "sha256:b12271b2047cb23eeb98c8b5622e2e5c5e9abd9784a153e9d8ef9cb4dd09d749"
            ],
            "version": "==1.1.0"
        },
        "jinja2": {
            "hashes": [
                "sha256:89aab215427ef59c34ad58735269eb58b1a5808103067f7bb9d5836c651b3bb0",
                "sha256:f0a4641d3cf955324a89c04f3d94663aa4d638abe8f733ecd3582848e1c37035"
            ],
            "version": "==2.11.2"
        },
        "kiwisolver": {
            "hashes": [
                "sha256:03662cbd3e6729f341a97dd2690b271e51a67a68322affab12a5b011344b973c",
                "sha256:18d749f3e56c0480dccd1714230da0f328e6e4accf188dd4e6884bdd06bf02dd",
                "sha256:247800260cd38160c362d211dcaf4ed0f7816afb5efe56544748b21d6ad6d17f",
                "sha256:443c2320520eda0a5b930b2725b26f6175ca4453c61f739fef7a5847bd262f74",
                "sha256:4eadb361baf3069f278b055e3bb53fa189cea2fd02cb2c353b7a99ebb4477ef1",
                "sha256:556da0a5f60f6486ec4969abbc1dd83cf9b5c2deadc8288508e55c0f5f87d29c",
                "sha256:603162139684ee56bcd57acc74035fceed7dd8d732f38c0959c8bd157f913fec",
                "sha256:60a78858580761fe611d22127868f3dc9f98871e6fdf0a15cc4203ed9ba6179b",
                "sha256:7cc095a4661bdd8a5742aaf7c10ea9fac142d76ff1770a0f84394038126d8fc7",
                "sha256:c31bc3c8e903d60a1ea31a754c72559398d91b5929fcb329b1c3a3d3f6e72113",
                "sha256:c955791d80e464da3b471ab41eb65cf5a40c15ce9b001fdc5bbc241170de58ec",
                "sha256:d069ef4b20b1e6b19f790d00097a5d5d2c50871b66d10075dab78938dc2ee2cf",
                "sha256:d52b989dc23cdaa92582ceb4af8d5bcc94d74b2c3e64cd6785558ec6a879793e",
                "sha256:e586b28354d7b6584d8973656a7954b1c69c93f708c0c07b77884f91640b7657",
                "sha256:efcf3397ae1e3c3a4a0a0636542bcad5adad3b1dd3e8e629d0b6e201347176c8",
                "sha256:fccefc0d36a38c57b7bd233a9b485e2f1eb71903ca7ad7adacad6c28a56d62d2"
            ],
            "version": "==1.2.0"
        },
        "lock": {
            "hashes": [
                "sha256:cc5ac770930493eed7a8cfd0cf2568a125faf112eb8aa6b6149b3e581523d0c7"
            ],
            "index": "pypi",
            "version": "==2018.3.25.2110"
        },
        "markupsafe": {
            "hashes": [
                "sha256:00bc623926325b26bb9605ae9eae8a215691f33cae5df11ca5424f06f2d1f473",
                "sha256:09027a7803a62ca78792ad89403b1b7a73a01c8cb65909cd876f7fcebd79b161",
                "sha256:09c4b7f37d6c648cb13f9230d847adf22f8171b1ccc4d5682398e77f40309235",
                "sha256:1027c282dad077d0bae18be6794e6b6b8c91d58ed8a8d89a89d59693b9131db5",
                "sha256:13d3144e1e340870b25e7b10b98d779608c02016d5184cfb9927a9f10c689f42",
                "sha256:24982cc2533820871eba85ba648cd53d8623687ff11cbb805be4ff7b4c971aff",
                "sha256:29872e92839765e546828bb7754a68c418d927cd064fd4708fab9fe9c8bb116b",
                "sha256:43a55c2930bbc139570ac2452adf3d70cdbb3cfe5912c71cdce1c2c6bbd9c5d1",
                "sha256:46c99d2de99945ec5cb54f23c8cd5689f6d7177305ebff350a58ce5f8de1669e",
                "sha256:500d4957e52ddc3351cabf489e79c91c17f6e0899158447047588650b5e69183",
                "sha256:535f6fc4d397c1563d08b88e485c3496cf5784e927af890fb3c3aac7f933ec66",
                "sha256:596510de112c685489095da617b5bcbbac7dd6384aeebeda4df6025d0256a81b",
                "sha256:62fe6c95e3ec8a7fad637b7f3d372c15ec1caa01ab47926cfdf7a75b40e0eac1",
                "sha256:6788b695d50a51edb699cb55e35487e430fa21f1ed838122d722e0ff0ac5ba15",
                "sha256:6dd73240d2af64df90aa7c4e7481e23825ea70af4b4922f8ede5b9e35f78a3b1",
                "sha256:717ba8fe3ae9cc0006d7c451f0bb265ee07739daf76355d06366154ee68d221e",
                "sha256:79855e1c5b8da654cf486b830bd42c06e8780cea587384cf6545b7d9ac013a0b",
                "sha256:7c1699dfe0cf8ff607dbdcc1e9b9af1755371f92a68f706051cc8c37d447c905",
                "sha256:88e5fcfb52ee7b911e8bb6d6aa2fd21fbecc674eadd44118a9cc3863f938e735",
                "sha256:8defac2f2ccd6805ebf65f5eeb132adcf2ab57aa11fdf4c0dd5169a004710e7d",
                "sha256:98c7086708b163d425c67c7a91bad6e466bb99d797aa64f965e9d25c12111a5e",
                "sha256:9add70b36c5666a2ed02b43b335fe19002ee5235efd4b8a89bfcf9005bebac0d",
                "sha256:9bf40443012702a1d2070043cb6291650a0841ece432556f784f004937f0f32c",
                "sha256:ade5e387d2ad0d7ebf59146cc00c8044acbd863725f887353a10df825fc8ae21",
                "sha256:b00c1de48212e4cc9603895652c5c410df699856a2853135b3967591e4beebc2",
                "sha256:b1282f8c00509d99fef04d8ba936b156d419be841854fe901d8ae224c59f0be5",
                "sha256:b2051432115498d3562c084a49bba65d97cf251f5a331c64a12ee7e04dacc51b",
                "sha256:ba59edeaa2fc6114428f1637ffff42da1e311e29382d81b339c1817d37ec93c6",
                "sha256:c8716a48d94b06bb3b2524c2b77e055fb313aeb4ea620c8dd03a105574ba704f",
                "sha256:cd5df75523866410809ca100dc9681e301e3c27567cf498077e8551b6d20e42f",
                "sha256:cdb132fc825c38e1aeec2c8aa9338310d29d337bebbd7baa06889d09a60a1fa2",
                "sha256:e249096428b3ae81b08327a63a485ad0878de3fb939049038579ac0ef61e17e7",
                "sha256:e8313f01ba26fbbe36c7be1966a7b7424942f670f38e666995b88d012765b9be"
            ],
            "version": "==1.1.1"
        },
        "matplotlib": {
            "hashes": [
                "sha256:2466d4dddeb0f5666fd1e6736cc5287a4f9f7ae6c1a9e0779deff798b28e1d35",
                "sha256:282b3fc8023c4365bad924d1bb442ddc565c2d1635f210b700722776da466ca3",
                "sha256:4bb50ee4755271a2017b070984bcb788d483a8ce3132fab68393d1555b62d4ba",
                "sha256:56d3147714da5c7ac4bc452d041e70e0e0b07c763f604110bd4e2527f320b86d",
                "sha256:7a9baefad265907c6f0b037c8c35a10cf437f7708c27415a5513cf09ac6d6ddd",
                "sha256:aae7d107dc37b4bb72dcc45f70394e6df2e5e92ac4079761aacd0e2ad1d3b1f7",
                "sha256:af14e77829c5b5d5be11858d042d6f2459878f8e296228c7ea13ec1fd308eb68",
                "sha256:c1cf735970b7cd424502719b44288b21089863aaaab099f55e0283a721aaf781",
                "sha256:ce378047902b7a05546b6485b14df77b2ff207a0054e60c10b5680132090c8ee",
                "sha256:d35891a86a4388b6965c2d527b9a9f9e657d9e110b0575ca8a24ba0d4e34b8fc",
                "sha256:e06304686209331f99640642dee08781a9d55c6e32abb45ed54f021f46ccae47",
                "sha256:e20ba7fb37d4647ac38f3c6d8672dd8b62451ee16173a0711b37ba0ce42bf37d",
                "sha256:f4412241e32d0f8d3713b68d3ca6430190a5e8a7c070f1c07d7833d8c5264398",
                "sha256:ffe2f9cdcea1086fc414e82f42271ecf1976700b8edd16ca9d376189c6d93aee"
            ],
            "index": "pypi",
            "version": "==3.2.1"
        },
        "numpy": {
            "hashes": [
                "sha256:0aa2b318cf81eb1693fcfcbb8007e95e231d7e1aa24288137f3b19905736c3ee",
                "sha256:163c78c04f47f26ca1b21068cea25ed7c5ecafe5f5ab2ea4895656a750582b56",
                "sha256:1e37626bcb8895c4b3873fcfd54e9bfc5ffec8d0f525651d6985fcc5c6b6003c",
                "sha256:264fd15590b3f02a1fbc095e7e1f37cdac698ff3829e12ffdcffdce3772f9d44",
                "sha256:3d9e1554cd9b5999070c467b18e5ae3ebd7369f02706a8850816f576a954295f",
                "sha256:40c24960cd5cec55222963f255858a1c47c6fa50a65a5b03fd7de75e3700eaaa",
                "sha256:46f404314dbec78cb342904f9596f25f9b16e7cf304030f1339e553c8e77f51c",
                "sha256:4847f0c993298b82fad809ea2916d857d0073dc17b0510fbbced663b3265929d",
                "sha256:48e15612a8357393d176638c8f68a19273676877caea983f8baf188bad430379",
                "sha256:6725d2797c65598778409aba8cd67077bb089d5b7d3d87c2719b206dc84ec05e",
                "sha256:99f0ba97e369f02a21bb95faa3a0de55991fd5f0ece2e30a9e2eaebeac238921",
                "sha256:a41f303b3f9157a31ce7203e3ca757a0c40c96669e72d9b6ee1bce8507638970",
                "sha256:a4305564e93f5c4584f6758149fd446df39fd1e0a8c89ca0deb3cce56106a027",
                "sha256:a551d8cc267c634774830086da42e4ba157fa41dd3b93982bc9501b284b0c689",
                "sha256:a6bc9432c2640b008d5f29bad737714eb3e14bb8854878eacf3d7955c4e91c36",
                "sha256:c60175d011a2e551a2f74c84e21e7c982489b96b6a5e4b030ecdeacf2914da68",
                "sha256:e46e2384209c91996d5ec16744234d1c906ab79a701ce1a26155c9ec890b8dc8",
                "sha256:e607b8cdc2ae5d5a63cd1bec30a15b5ed583ac6a39f04b7ba0f03fcfbf29c05b",
                "sha256:e94a39d5c40fffe7696009dbd11bc14a349b377e03a384ed011e03d698787dd3",
                "sha256:eb2286249ebfe8fcb5b425e5ec77e4736d53ee56d3ad296f8947f67150f495e3",
                "sha256:fdee7540d12519865b423af411bd60ddb513d2eb2cd921149b732854995bbf8b"
            ],
            "index": "pypi",
            "version": "==1.18.3"
        },
        "pandas": {
            "hashes": [
                "sha256:07c1b58936b80eafdfe694ce964ac21567b80a48d972879a359b3ebb2ea76835",
                "sha256:0ebe327fb088df4d06145227a4aa0998e4f80a9e6aed4b61c1f303bdfdf7c722",
                "sha256:11c7cb654cd3a0e9c54d81761b5920cdc86b373510d829461d8f2ed6d5905266",
                "sha256:12f492dd840e9db1688126216706aa2d1fcd3f4df68a195f9479272d50054645",
                "sha256:167a1315367cea6ec6a5e11e791d9604f8e03f95b57ad227409de35cf850c9c5",
                "sha256:1a7c56f1df8d5ad8571fa251b864231f26b47b59cbe41aa5c0983d17dbb7a8e4",
                "sha256:1fa4bae1a6784aa550a1c9e168422798104a85bf9c77a1063ea77ee6f8452e3a",
                "sha256:32f42e322fb903d0e189a4c10b75ba70d90958cc4f66a1781ed027f1a1d14586",
                "sha256:387dc7b3c0424327fe3218f81e05fc27832772a5dffbed385013161be58df90b",
                "sha256:6597df07ea361231e60c00692d8a8099b519ed741c04e65821e632bc9ccb924c",
                "sha256:743bba36e99d4440403beb45a6f4f3a667c090c00394c176092b0b910666189b",
                "sha256:858a0d890d957ae62338624e4aeaf1de436dba2c2c0772570a686eaca8b4fc85",
                "sha256:863c3e4b7ae550749a0bb77fa22e601a36df9d2905afef34a6965bed092ba9e5",
                "sha256:a210c91a02ec5ff05617a298ad6f137b9f6f5771bf31f2d6b6367d7f71486639",
                "sha256:ca84a44cf727f211752e91eab2d1c6c1ab0f0540d5636a8382a3af428542826e",
                "sha256:d234bcf669e8b4d6cbcd99e3ce7a8918414520aeb113e2a81aeb02d0a533d7f7"
            ],
            "index": "pypi",
            "version": "==1.0.3"
        },
        "pyparsing": {
            "hashes": [
                "sha256:c203ec8783bf771a155b207279b9bccb8dea02d8f0c9e5f8ead507bc3246ecc1",
                "sha256:ef9d7589ef3c200abe66653d3f1ab1033c3c419ae9b9bdb1240a85b024efc88b"
            ],
            "version": "==2.4.7"
        },
        "python-dateutil": {
            "hashes": [
                "sha256:73ebfe9dbf22e832286dafa60473e4cd239f8592f699aa5adaf10050e6e1823c",
                "sha256:75bb3f31ea686f1197762692a9ee6a7550b59fc6ca3a1f4b5d7e32fb98e2da2a"
            ],
            "version": "==2.8.1"
        },
        "pytz": {
            "hashes": [
                "sha256:1c557d7d0e871de1f5ccd5833f60fb2550652da6be2693c1e02300743d21500d",
                "sha256:b02c06db6cf09c12dd25137e563b31700d3b80fcc4ad23abb7a315f2789819be"
            ],
            "version": "==2019.3"
        },
        "requests": {
            "hashes": [
                "sha256:43999036bfa82904b6af1d99e4882b560e5e2c68e5c4b0aa03b655f3d7d73fee",
                "sha256:b3f43d496c6daba4493e7c431722aeb7dbc6288f52a6e04e7b6023b0247817e6"
            ],
            "index": "pypi",
            "version": "==2.23.0"
        },
        "six": {
            "hashes": [
                "sha256:236bdbdce46e6e6a3d61a337c0f8b763ca1e8717c03b369e87a7ec7ce1319c0a",
                "sha256:8f3cd2e254d8f793e7f3d6d9df77b92252b52637291d0f0da013c76ea2724b6c"
            ],
            "version": "==1.14.0"
        },
        "urllib3": {
            "hashes": [
                "sha256:3018294ebefce6572a474f0604c2021e33b3fd8006ecd11d62107a5d2a963527",
                "sha256:88206b0eb87e6d677d424843ac5209e3fb9d0190d0ee169599165ec25e9d9115"
            ],
            "version": "==1.25.9"
        },
        "werkzeug": {
            "hashes": [
                "sha256:2de2a5db0baeae7b2d2664949077c2ac63fbd16d98da0ff71837f7d1dea3fd43",
                "sha256:6c80b1e5ad3665290ea39320b91e1be1e0d5f60652b964a3070216de83d2e47c"
            ],
            "version": "==1.0.1"
        },
        "wget": {
            "hashes": [
                "sha256:35e630eca2aa50ce998b9b1a127bb26b30dfee573702782aa982f875e3f16061"
            ],
            "index": "pypi",
            "version": "==3.2"
        }
    },
    "develop": {}
}
